
Microsoft Visual Studio Solution File, Format Version 12.00
# Visual Studio Version 17
VisualStudioVersion = 17.11.35219.272
MinimumVisualStudioVersion = 10.0.40219.1
Project("{FAE04EC0-301F-11D3-BF4B-00C04F79EFBC}") = "relational-sqlite", "relational-sqlite\relational-sqlite.csproj", "{304F85E0-D938-450B-B69D-B774D99E43FB}"
EndProject
Global
	GlobalSection(SolutionConfigurationPlatforms) = preSolution
		Debug|Any CPU = Debug|Any CPU
		Release|Any CPU = Release|Any CPU
	EndGlobalSection
	GlobalSection(ProjectConfigurationPlatforms) = postSolution
		{304F85E0-D938-450B-B69D-B774D99E43FB}.Debug|Any CPU.ActiveCfg = Debug|Any CPU
		{304F85E0-D938-450B-B69D-B774D99E43FB}.Debug|Any CPU.Build.0 = Debug|Any CPU
		{304F85E0-D938-450B-B69D-B774D99E43FB}.Debug|Any CPU.Deploy.0 = Debug|Any CPU
		{304F85E0-D938-450B-B69D-B774D99E43FB}.Release|Any CPU.ActiveCfg = Release|Any CPU
		{304F85E0-D938-450B-B69D-B774D99E43FB}.Release|Any CPU.Build.0 = Release|Any CPU
		{304F85E0-D938-450B-B69D-B774D99E43FB}.Release|Any CPU.Deploy.0 = Release|Any CPU
	EndGlobalSection
	GlobalSection(SolutionProperties) = preSolution
		HideSolutionNode = FALSE
	EndGlobalSection
	GlobalSection(ExtensibilityGlobals) = postSolution
		SolutionGuid = {3FAEE4FA-3620-4D18-B2DF-C07C56F4E70B}
	EndGlobalSection
EndGlobal
